
Microsoft Visual Studio Solution File, Format Version 12.00
# Visual Studio 15
Project("{FAE04EC0-301F-11D3-BF4B-00C04F79EFBC}") = "ConserveDB2", "ConserveDB2\ConserveDB2.csproj", "{2B665C3D-A797-43D3-B023-A5F74C235656}"
EndProject
Global
	GlobalSection(SolutionConfigurationPlatforms) = preSolution
		Debug|Any CPU = Debug|Any CPU
		Release|Any CPU = Release|Any CPU
	EndGlobalSection
	GlobalSection(ProjectConfigurationPlatforms) = postSolution
		{2B665C3D-A797-43D3-B023-A5F74C235656}.Debug|Any CPU.ActiveCfg = Debug|Any CPU
		{2B665C3D-A797-43D3-B023-A5F74C235656}.Debug|Any CPU.Build.0 = Debug|Any CPU
		{2B665C3D-A797-43D3-B023-A5F74C235656}.Release|Any CPU.ActiveCfg = Release|Any CPU
		{2B665C3D-A797-43D3-B023-A5F74C235656}.Release|Any CPU.Build.0 = Release|Any CPU
	EndGlobalSection
EndGlobal
