
Microsoft Visual Studio Solution File, Format Version 12.00
# Visual Studio 15
Project("{FAE04EC0-301F-11D3-BF4B-00C04F79EFBC}") = "ConserveDB", "ConserveDB\ConserveDB.csproj", "{0A7A28F4-867C-4A75-A769-DF39910E6EEE}"
EndProject
Global
	GlobalSection(SolutionConfigurationPlatforms) = preSolution
		Debug|Any CPU = Debug|Any CPU
		Release|Any CPU = Release|Any CPU
	EndGlobalSection
	GlobalSection(ProjectConfigurationPlatforms) = postSolution
		{0A7A28F4-867C-4A75-A769-DF39910E6EEE}.Debug|Any CPU.ActiveCfg = Debug|Any CPU
		{0A7A28F4-867C-4A75-A769-DF39910E6EEE}.Debug|Any CPU.Build.0 = Debug|Any CPU
		{0A7A28F4-867C-4A75-A769-DF39910E6EEE}.Release|Any CPU.ActiveCfg = Release|Any CPU
		{0A7A28F4-867C-4A75-A769-DF39910E6EEE}.Release|Any CPU.Build.0 = Release|Any CPU
	EndGlobalSection
EndGlobal
